// !$*UTF8*$!
{
	archiveVersion = 1;
	classes = {
	};
	objectVersion = 46;
	objects = {

/* Begin PBXBuildFile section */
		2C5035557AAF9D407CAA4F28 /* Pods_NSHipster.framework in Frameworks */ = {isa = PBXBuildFile; fileRef = 63BDC3876C3E961F1959446B /* Pods_NSHipster.framework */; };
		DCBFF8611C464701001EA0CB /* AppDelegate.swift in Sources */ = {isa = PBXBuildFile; fileRef = DCBFF8601C464701001EA0CB /* AppDelegate.swift */; };
		DCBFF8681C464701001EA0CB /* Main.storyboard in Resources */ = {isa = PBXBuildFile; fileRef = DCBFF8661C464701001EA0CB /* Main.storyboard */; };
		DCBFF86A1C464701001EA0CB /* Assets.xcassets in Resources */ = {isa = PBXBuildFile; fileRef = DCBFF8691C464701001EA0CB /* Assets.xcassets */; };
		DCBFF86D1C464701001EA0CB /* LaunchScreen.storyboard in Resources */ = {isa = PBXBuildFile; fileRef = DCBFF86B1C464701001EA0CB /* LaunchScreen.storyboard */; };
/* End PBXBuildFile section */

/* Begin PBXFileReference section */
		63BDC3876C3E961F1959446B /* Pods_NSHipster.framework */ = {isa = PBXFileReference; explicitFileType = wrapper.framework; includeInIndex = 0; path = Pods_NSHipster.framework; sourceTree = BUILT_PRODUCTS_DIR; };
		DCBFF85D1C464701001EA0CB /* NSHipster.app */ = {isa = PBXFileReference; explicitFileType = wrapper.application; includeInIndex = 0; path = NSHipster.app; sourceTree = BUILT_PRODUCTS_DIR; };
		DCBFF8601C464701001EA0CB /* AppDelegate.swift */ = {isa = PBXFileReference; lastKnownFileType = sourcecode.swift; path = AppDelegate.swift; sourceTree = "<group>"; };
		DCBFF8671C464701001EA0CB /* Base */ = {isa = PBXFileReference; lastKnownFileType = file.storyboard; name = Base; path = Base.lproj/Main.storyboard; sourceTree = "<group>"; };
		DCBFF8691C464701001EA0CB /* Assets.xcassets */ = {isa = PBXFileReference; lastKnownFileType = folder.assetcatalog; path = Assets.xcassets; sourceTree = "<group>"; };
		DCBFF86C1C464701001EA0CB /* Base */ = {isa = PBXFileReference; lastKnownFileType = file.storyboard; name = Base; path = Base.lproj/LaunchScreen.storyboard; sourceTree = "<group>"; };
		DCBFF86E1C464701001EA0CB /* Info.plist */ = {isa = PBXFileReference; lastKnownFileType = text.plist.xml; path = Info.plist; sourceTree = "<group>"; };
/* End PBXFileReference section */

/* Begin PBXFrameworksBuildPhase section */
		DCBFF85A1C464701001EA0CB /* Frameworks */ = {
			isa = PBXFrameworksBuildPhase;
			buildActionMask = 2147483647;
			files = (
				2C5035557AAF9D407CAA4F28 /* Pods_NSHipster.framework in Frameworks */,
			);
			runOnlyForDeploymentPostprocessing = 0;
		};
/* End PBXFrameworksBuildPhase section */

/* Begin PBXGroup section */
		155E97F334281F7B5C5B7986 /* Frameworks */ = {
			isa = PBXGroup;
			children = (
				63BDC3876C3E961F1959446B /* Pods_NSHipster.framework */,
			);
			name = Frameworks;
			sourceTree = "<group>";
		};
		DCBFF8541C464701001EA0CB = {
			isa = PBXGroup;
			children = (
				DCBFF85F1C464701001EA0CB /* NSHipster */,
				DCBFF85E1C464701001EA0CB /* Products */,
				155E97F334281F7B5C5B7986 /* Frameworks */,
			);
			sourceTree = "<group>";
		};
		DCBFF85E1C464701001EA0CB /* Products */ = {
			isa = PBXGroup;
			children = (
				DCBFF85D1C464701001EA0CB /* NSHipster.app */,
			);
			name = Products;
			sourceTree = "<group>";
		};
		DCBFF85F1C464701001EA0CB /* NSHipster */ = {
			isa = PBXGroup;
			children = (
				DCBFF8601C464701001EA0CB /* AppDelegate.swift */,
				DCBFF8661C464701001EA0CB /* Main.storyboard */,
				DCBFF8691C464701001EA0CB /* Assets.xcassets */,
				DCBFF86B1C464701001EA0CB /* LaunchScreen.storyboard */,
				DCBFF86E1C464701001EA0CB /* Info.plist */,
			);
			path = NSHipster;
			sourceTree = "<group>";
		};
/* End PBXGroup section */

/* Begin PBXNativeTarget section */
		DCBFF85C1C464701001EA0CB /* NSHipster */ = {
			isa = PBXNativeTarget;
			buildConfigurationList = DCBFF8871C464701001EA0CB /* Build configuration list for PBXNativeTarget "NSHipster" */;
			buildPhases = (
				FEFAFE2D5F873F250EA89B89 /* [CP] Check Pods Manifest.lock */,
				DCBFF8591C464701001EA0CB /* Sources */,
				DCBFF85A1C464701001EA0CB /* Frameworks */,
				DCBFF85B1C464701001EA0CB /* Resources */,
				CEE12BEAB9220CC8323E15A1 /* [CP] Embed Pods Frameworks */,
			);
			buildRules = (
			);
			dependencies = (
			);
			name = NSHipster;
			productName = NSHipster;
			productReference = DCBFF85D1C464701001EA0CB /* NSHipster.app */;
			productType = "com.apple.product-type.application";
		};
/* End PBXNativeTarget section */

/* Begin PBXProject section */
		DCBFF8551C464701001EA0CB /* Project object */ = {
			isa = PBXProject;
			attributes = {
				LastSwiftUpdateCheck = 0720;
				LastUpgradeCheck = 0720;
				ORGANIZATIONNAME = Intellum;
				TargetAttributes = {
					DCBFF85C1C464701001EA0CB = {
						CreatedOnToolsVersion = 7.2;
						DevelopmentTeam = JYANFLU7NT;
						ProvisioningStyle = Automatic;
					};
				};
			};
			buildConfigurationList = DCBFF8581C464701001EA0CB /* Build configuration list for PBXProject "NSHipster" */;
			compatibilityVersion = "Xcode 3.2";
			developmentRegion = English;
			hasScannedForEncodings = 0;
			knownRegions = (
				en,
				Base,
			);
			mainGroup = DCBFF8541C464701001EA0CB;
			productRefGroup = DCBFF85E1C464701001EA0CB /* Products */;
			projectDirPath = "";
			projectRoot = "";
			targets = (
				DCBFF85C1C464701001EA0CB /* NSHipster */,
			);
		};
/* End PBXProject section */

/* Begin PBXResourcesBuildPhase section */
		DCBFF85B1C464701001EA0CB /* Resources */ = {
			isa = PBXResourcesBuildPhase;
			buildActionMask = 2147483647;
			files = (
				DCBFF86D1C464701001EA0CB /* LaunchScreen.storyboard in Resources */,
				DCBFF86A1C464701001EA0CB /* Assets.xcassets in Resources */,
				DCBFF8681C464701001EA0CB /* Main.storyboard in Resources */,
			);
			runOnlyForDeploymentPostprocessing = 0;
		};
/* End PBXResourcesBuildPhase section */

/* Begin PBXShellScriptBuildPhase section */
		CEE12BEAB9220CC8323E15A1 /* [CP] Embed Pods Frameworks */ = {
			isa = PBXShellScriptBuildPhase;
			buildActionMask = 2147483647;
			files = (
			);
			inputPaths = (
				"${SRCROOT}/Pods/Target Support Files/Pods-NSHipster/Pods-NSHipster-frameworks.sh",
				"${BUILT_PRODUCTS_DIR}/Neeman/Neeman.framework",
			);
			name = "[CP] Embed Pods Frameworks";
			outputPaths = (
				"${TARGET_BUILD_DIR}/${FRAMEWORKS_FOLDER_PATH}/Neeman.framework",
			);
			runOnlyForDeploymentPostprocessing = 0;
			shellPath = /bin/sh;
			shellScript = "\"${SRCROOT}/Pods/Target Support Files/Pods-NSHipster/Pods-NSHipster-frameworks.sh\"\n";
			showEnvVarsInLog = 0;
		};
		FEFAFE2D5F873F250EA89B89 /* [CP] Check Pods Manifest.lock */ = {
			isa = PBXShellScriptBuildPhase;
			buildActionMask = 2147483647;
			files = (
			);
			inputPaths = (
				"${PODS_PODFILE_DIR_PATH}/Podfile.lock",
				"${PODS_ROOT}/Manifest.lock",
			);
			name = "[CP] Check Pods Manifest.lock";
			outputPaths = (
				"$(DERIVED_FILE_DIR)/Pods-NSHipster-checkManifestLockResult.txt",
			);
			runOnlyForDeploymentPostprocessing = 0;
			shellPath = /bin/sh;
			shellScript = "diff \"${PODS_PODFILE_DIR_PATH}/Podfile.lock\" \"${PODS_ROOT}/Manifest.lock\" > /dev/null\nif [ $? != 0 ] ; then\n    # print error to STDERR\n    echo \"error: The sandbox is not in sync with the Podfile.lock. Run 'pod install' or update your CocoaPods installation.\" >&2\n    exit 1\nfi\n# This output is used by Xcode 'outputs' to avoid re-running this script phase.\necho \"SUCCESS\" > \"${SCRIPT_OUTPUT_FILE_0}\"\n";
			showEnvVarsInLog = 0;
		};
/* End PBXShellScriptBuildPhase section */

/* Begin PBXSourcesBuildPhase section */
		DCBFF8591C464701001EA0CB /* Sources */ = {
			isa = PBXSourcesBuildPhase;
			buildActionMask = 2147483647;
			files = (
				DCBFF8611C464701001EA0CB /* AppDelegate.swift in Sources */,
			);
			runOnlyForDeploymentPostprocessing = 0;
		};
/* End PBXSourcesBuildPhase section */

/* Begin PBXVariantGroup section */
		DCBFF8661C464701001EA0CB /* Main.storyboard */ = {
			isa = PBXVariantGroup;
			children = (
				DCBFF8671C464701001EA0CB /* Base */,
			);
			name = Main.storyboard;
			sourceTree = "<group>";
		};
		DCBFF86B1C464701001EA0CB /* LaunchScreen.storyboard */ = {
			isa = PBXVariantGroup;
			children = (
				DCBFF86C1C464701001EA0CB /* Base */,
			);
			name = LaunchScreen.storyboard;
			sourceTree = "<group>";
		};
/* End PBXVariantGroup section */

/* Begin XCBuildConfiguration section */
		DCBFF8851C464701001EA0CB /* Debug */ = {
			isa = XCBuildConfiguration;
			buildSettings = {
				ALWAYS_SEARCH_USER_PATHS = NO;
				CLANG_CXX_LANGUAGE_STANDARD = "gnu++0x";
				CLANG_CXX_LIBRARY = "libc++";
				CLANG_ENABLE_MODULES = YES;
				CLANG_ENABLE_OBJC_ARC = YES;
				CLANG_WARN_BOOL_CONVERSION = YES;
				CLANG_WARN_CONSTANT_CONVERSION = YES;
				CLANG_WARN_DIRECT_OBJC_ISA_USAGE = YES_ERROR;
				CLANG_WARN_EMPTY_BODY = YES;
				CLANG_WARN_ENUM_CONVERSION = YES;
				CLANG_WARN_INT_CONVERSION = YES;
				CLANG_WARN_OBJC_ROOT_CLASS = YES_ERROR;
				CLANG_WARN_UNREACHABLE_CODE = YES;
				CLANG_WARN__DUPLICATE_METHOD_MATCH = YES;
				"CODE_SIGN_IDENTITY[sdk=iphoneos*]" = "iPhone Developer";
				COPY_PHASE_STRIP = NO;
				DEBUG_INFORMATION_FORMAT = dwarf;
				ENABLE_STRICT_OBJC_MSGSEND = YES;
				ENABLE_TESTABILITY = YES;
				GCC_C_LANGUAGE_STANDARD = gnu99;
				GCC_DYNAMIC_NO_PIC = NO;
				GCC_NO_COMMON_BLOCKS = YES;
				GCC_OPTIMIZATION_LEVEL = 0;
				GCC_PREPROCESSOR_DEFINITIONS = (
					"DEBUG=1",
					"$(inherited)",
				);
				GCC_WARN_64_TO_32_BIT_CONVERSION = YES;
				GCC_WARN_ABOUT_RETURN_TYPE = YES_ERROR;
				GCC_WARN_UNDECLARED_SELECTOR = YES;
				GCC_WARN_UNINITIALIZED_AUTOS = YES_AGGRESSIVE;
				GCC_WARN_UNUSED_FUNCTION = YES;
				GCC_WARN_UNUSED_VARIABLE = YES;
				IPHONEOS_DEPLOYMENT_TARGET = 9.2;
				MTL_ENABLE_DEBUG_INFO = YES;
				ONLY_ACTIVE_ARCH = YES;
				SDKROOT = iphoneos;
				SWIFT_OPTIMIZATION_LEVEL = "-Onone";
				TARGETED_DEVICE_FAMILY = "1,2";
			};
			name = Debug;
		};
		DCBFF8861C464701001EA0CB /* Release */ = {
			isa = XCBuildConfiguration;
			buildSettings = {
				ALWAYS_SEARCH_USER_PATHS = NO;
				CLANG_CXX_LANGUAGE_STANDARD = "gnu++0x";
				CLANG_CXX_LIBRARY = "libc++";
				CLANG_ENABLE_MODULES = YES;
				CLANG_ENABLE_OBJC_ARC = YES;
				CLANG_WARN_BOOL_CONVERSION = YES;
				CLANG_WARN_CONSTANT_CONVERSION = YES;
				CLANG_WARN_DIRECT_OBJC_ISA_USAGE = YES_ERROR;
				CLANG_WARN_EMPTY_BODY = YES;
				CLANG_WARN_ENUM_CONVERSION = YES;
				CLANG_WARN_INT_CONVERSION = YES;
				CLANG_WARN_OBJC_ROOT_CLASS = YES_ERROR;
				CLANG_WARN_UNREACHABLE_CODE = YES;
				CLANG_WARN__DUPLICATE_METHOD_MATCH = YES;
				"CODE_SIGN_IDENTITY[sdk=iphoneos*]" = "iPhone Developer";
				COPY_PHASE_STRIP = NO;
				DEBUG_INFORMATION_FORMAT = "dwarf-with-dsym";
				ENABLE_NS_ASSERTIONS = NO;
				ENABLE_STRICT_OBJC_MSGSEND = YES;
				GCC_C_LANGUAGE_STANDARD = gnu99;
				GCC_NO_COMMON_BLOCKS = YES;
				GCC_WARN_64_TO_32_BIT_CONVERSION = YES;
				GCC_WARN_ABOUT_RETURN_TYPE = YES_ERROR;
				GCC_WARN_UNDECLARED_SELECTOR = YES;
				GCC_WARN_UNINITIALIZED_AUTOS = YES_AGGRESSIVE;
				GCC_WARN_UNUSED_FUNCTION = YES;
				GCC_WARN_UNUSED_VARIABLE = YES;
				IPHONEOS_DEPLOYMENT_TARGET = 9.2;
				MTL_ENABLE_DEBUG_INFO = NO;
				SDKROOT = iphoneos;
				TARGETED_DEVICE_FAMILY = "1,2";
				VALIDATE_PRODUCT = YES;
			};
			name = Release;
		};
		DCBFF8881C464701001EA0CB /* Debug */ = {
			isa = XCBuildConfiguration;
			buildSettings = {
				ASSETCATALOG_COMPILER_APPICON_NAME = AppIcon;
				CODE_SIGN_IDENTITY = "iPhone Developer";
				CODE_SIGN_STYLE = Automatic;
				DEVELOPMENT_TEAM = JYANFLU7NT;
				INFOPLIST_FILE = NSHipster/Info.plist;
				LD_RUNPATH_SEARCH_PATHS = "$(inherited) @executable_path/Frameworks";
				PRODUCT_BUNDLE_IDENTIFIER = com.intellum.NSHipster;
				PRODUCT_NAME = "$(TARGET_NAME)";
				PROVISIONING_PROFILE_SPECIFIER = "";
				SWIFT_VERSION = 4.0;
			};
			name = Debug;
		};
		DCBFF8891C464701001EA0CB /* Release */ = {
			isa = XCBuildConfiguration;
			buildSettings = {
				ASSETCATALOG_COMPILER_APPICON_NAME = AppIcon;
				CODE_SIGN_IDENTITY = "iPhone Developer";
				CODE_SIGN_STYLE = Automatic;
				DEVELOPMENT_TEAM = JYANFLU7NT;
				INFOPLIST_FILE = NSHipster/Info.plist;
				LD_RUNPATH_SEARCH_PATHS = "$(inherited) @executable_path/Frameworks";
				PRODUCT_BUNDLE_IDENTIFIER = com.intellum.NSHipster;
				PRODUCT_NAME = "$(TARGET_NAME)";
				PROVISIONING_PROFILE_SPECIFIER = "";
				SWIFT_VERSION = 4.0;
			};
			name = Release;
		};
/* End XCBuildConfiguration section */

/* Begin XCConfigurationList section */
		DCBFF8581C464701001EA0CB /* Build configuration list for PBXProject "NSHipster" */ = {
			isa = XCConfigurationList;
			buildConfigurations = (
				DCBFF8851C464701001EA0CB /* Debug */,
				DCBFF8861C464701001EA0CB /* Release */,
			);
			defaultConfigurationIsVisible = 0;
			defaultConfigurationName = Release;
		};
		DCBFF8871C464701001EA0CB /* Build configuration list for PBXNativeTarget "NSHipster" */ = {
			isa = XCConfigurationList;
			buildConfigurations = (
				DCBFF8881C464701001EA0CB /* Debug */,
				DCBFF8891C464701001EA0CB /* Release */,
			);
			defaultConfigurationIsVisible = 0;
			defaultConfigurationName = Release;
		};
/* End XCConfigurationList section */
	};
	rootObject = DCBFF8551C464701001EA0CB /* Project object */;
}
